
Microsoft Visual Studio Solution File, Format Version 12.00
# Visual Studio 15
VisualStudioVersion = 15.0.28307.1062
MinimumVisualStudioVersion = 10.0.40219.1
Project("{FAE04EC0-301F-11D3-BF4B-00C04F79EFBC}") = "WebApplication1", "WebApplication1\WebApplication1.csproj", "{A3E5D4D6-8686-4E3D-B40B-8059CEFD9451}"
EndProject
Global
	GlobalSection(SolutionConfigurationPlatforms) = preSolution
		Debug|Any CPU = Debug|Any CPU
		Release|Any CPU = Release|Any CPU
	EndGlobalSection
	GlobalSection(ProjectConfigurationPlatforms) = postSolution
		{A3E5D4D6-8686-4E3D-B40B-8059CEFD9451}.Debug|Any CPU.ActiveCfg = Debug|Any CPU
		{A3E5D4D6-8686-4E3D-B40B-8059CEFD9451}.Debug|Any CPU.Build.0 = Debug|Any CPU
		{A3E5D4D6-8686-4E3D-B40B-8059CEFD9451}.Release|Any CPU.ActiveCfg = Release|Any CPU
		{A3E5D4D6-8686-4E3D-B40B-8059CEFD9451}.Release|Any CPU.Build.0 = Release|Any CPU
	EndGlobalSection
	GlobalSection(SolutionProperties) = preSolution
		HideSolutionNode = FALSE
	EndGlobalSection
	GlobalSection(ExtensibilityGlobals) = postSolution
		SolutionGuid = {F7D3B096-77DA-4C62-97DA-BF6C440B6B2F}
	EndGlobalSection
EndGlobal
